
Microsoft Visual Studio Solution File, Format Version 12.00
# Visual Studio 15
VisualStudioVersion = 15.0.27703.2000
MinimumVisualStudioVersion = 10.0.40219.1
Project("{FAE04EC0-301F-11D3-BF4B-00C04F79EFBC}") = "User_Mode", "User_Mode\User_Mode.csproj", "{AC258196-618B-46FA-A4D7-82AB581D1DF6}"
EndProject
Global
	GlobalSection(SolutionConfigurationPlatforms) = preSolution
		Debug|Any CPU = Debug|Any CPU
		Release|Any CPU = Release|Any CPU
	EndGlobalSection
	GlobalSection(ProjectConfigurationPlatforms) = postSolution
		{AC258196-618B-46FA-A4D7-82AB581D1DF6}.Debug|Any CPU.ActiveCfg = Debug|Any CPU
		{AC258196-618B-46FA-A4D7-82AB581D1DF6}.Debug|Any CPU.Build.0 = Debug|Any CPU
		{AC258196-618B-46FA-A4D7-82AB581D1DF6}.Release|Any CPU.ActiveCfg = Release|Any CPU
		{AC258196-618B-46FA-A4D7-82AB581D1DF6}.Release|Any CPU.Build.0 = Release|Any CPU
	EndGlobalSection
	GlobalSection(SolutionProperties) = preSolution
		HideSolutionNode = FALSE
	EndGlobalSection
	GlobalSection(ExtensibilityGlobals) = postSolution
		SolutionGuid = {AC4533DF-6160-4973-AB73-476E8A2D766D}
	EndGlobalSection
EndGlobal
